
Microsoft Visual Studio Solution File, Format Version 12.00
# Visual Studio Version 16
VisualStudioVersion = 16.0.31424.327
MinimumVisualStudioVersion = 10.0.40219.1
Project("{FAE04EC0-301F-11D3-BF4B-00C04F79EFBC}") = "UniFriend", "UniFriend.csproj", "{D1B33E51-7132-4FB1-88BF-8289828A7619}"
EndProject
Global
	GlobalSection(SolutionConfigurationPlatforms) = preSolution
		Debug|Any CPU = Debug|Any CPU
		Release|Any CPU = Release|Any CPU
	EndGlobalSection
	GlobalSection(ProjectConfigurationPlatforms) = postSolution
		{D1B33E51-7132-4FB1-88BF-8289828A7619}.Debug|Any CPU.ActiveCfg = Debug|Any CPU
		{D1B33E51-7132-4FB1-88BF-8289828A7619}.Debug|Any CPU.Build.0 = Debug|Any CPU
		{D1B33E51-7132-4FB1-88BF-8289828A7619}.Release|Any CPU.ActiveCfg = Release|Any CPU
		{D1B33E51-7132-4FB1-88BF-8289828A7619}.Release|Any CPU.Build.0 = Release|Any CPU
	EndGlobalSection
	GlobalSection(SolutionProperties) = preSolution
		HideSolutionNode = FALSE
	EndGlobalSection
	GlobalSection(ExtensibilityGlobals) = postSolution
		SolutionGuid = {17C75AD1-9DCC-49F5-8D1D-D7885D9FA470}
	EndGlobalSection
EndGlobal
